
Microsoft Visual Studio Solution File, Format Version 12.00
# Visual Studio Version 16
VisualStudioVersion = 16.0.30413.136
MinimumVisualStudioVersion = 10.0.40219.1
Project("{FAE04EC0-301F-11D3-BF4B-00C04F79EFBC}") = "ProvaDevJr", "ProvaDevJr.csproj", "{A898CBC6-8B2B-4D24-99FB-7564F28F9D5D}"
EndProject
Global
	GlobalSection(SolutionConfigurationPlatforms) = preSolution
		Debug|Any CPU = Debug|Any CPU
		Release|Any CPU = Release|Any CPU
	EndGlobalSection
	GlobalSection(ProjectConfigurationPlatforms) = postSolution
		{A898CBC6-8B2B-4D24-99FB-7564F28F9D5D}.Debug|Any CPU.ActiveCfg = Debug|Any CPU
		{A898CBC6-8B2B-4D24-99FB-7564F28F9D5D}.Debug|Any CPU.Build.0 = Debug|Any CPU
		{A898CBC6-8B2B-4D24-99FB-7564F28F9D5D}.Release|Any CPU.ActiveCfg = Release|Any CPU
		{A898CBC6-8B2B-4D24-99FB-7564F28F9D5D}.Release|Any CPU.Build.0 = Release|Any CPU
	EndGlobalSection
	GlobalSection(SolutionProperties) = preSolution
		HideSolutionNode = FALSE
	EndGlobalSection
	GlobalSection(ExtensibilityGlobals) = postSolution
		SolutionGuid = {7E10397C-6858-4023-9CBA-3CABDCC56D40}
	EndGlobalSection
EndGlobal
